// !$*UTF8*$!
{
	archiveVersion = 1;
	classes = {
	};
	objectVersion = 50;
	objects = {

/* Begin PBXBuildFile section */
		E031925C22CB128800E7FA61 /* AppDelegate.swift in Sources */ = {isa = PBXBuildFile; fileRef = E031925B22CB128800E7FA61 /* AppDelegate.swift */; };
		E031925E22CB128800E7FA61 /* ViewController.swift in Sources */ = {isa = PBXBuildFile; fileRef = E031925D22CB128800E7FA61 /* ViewController.swift */; };
		E031926122CB128800E7FA61 /* Main.storyboard in Resources */ = {isa = PBXBuildFile; fileRef = E031925F22CB128800E7FA61 /* Main.storyboard */; };
		E031926322CB128A00E7FA61 /* Assets.xcassets in Resources */ = {isa = PBXBuildFile; fileRef = E031926222CB128A00E7FA61 /* Assets.xcassets */; };
		E031926622CB128A00E7FA61 /* LaunchScreen.storyboard in Resources */ = {isa = PBXBuildFile; fileRef = E031926422CB128A00E7FA61 /* LaunchScreen.storyboard */; };
		E031927122CB199F00E7FA61 /* RWVideoController.swift in Sources */ = {isa = PBXBuildFile; fileRef = E031926F22CB199F00E7FA61 /* RWVideoController.swift */; };
		E031927222CB199F00E7FA61 /* RWVideoController.xib in Resources */ = {isa = PBXBuildFile; fileRef = E031927022CB199F00E7FA61 /* RWVideoController.xib */; };
		E0B26DC522E96099006302D5 /* RWTimeFormatter.swift in Sources */ = {isa = PBXBuildFile; fileRef = E0B26DC422E96099006302D5 /* RWTimeFormatter.swift */; };
		E0D7FD9E22CC650E0060908D /* TestViewController.swift in Sources */ = {isa = PBXBuildFile; fileRef = E0D7FD9D22CC650E0060908D /* TestViewController.swift */; };
		E0E9FACF22E1A55E00CF567B /* RWVideoProtocol.swift in Sources */ = {isa = PBXBuildFile; fileRef = E0E9FACE22E1A55E00CF567B /* RWVideoProtocol.swift */; };
		E0E9FAD222E1C39A00CF567B /* RWVideoGestureHandler.swift in Sources */ = {isa = PBXBuildFile; fileRef = E0E9FAD122E1C39A00CF567B /* RWVideoGestureHandler.swift */; };
/* End PBXBuildFile section */

/* Begin PBXFileReference section */
		E031925822CB128800E7FA61 /* RWVideoController.app */ = {isa = PBXFileReference; explicitFileType = wrapper.application; includeInIndex = 0; path = RWVideoController.app; sourceTree = BUILT_PRODUCTS_DIR; };
		E031925B22CB128800E7FA61 /* AppDelegate.swift */ = {isa = PBXFileReference; lastKnownFileType = sourcecode.swift; path = AppDelegate.swift; sourceTree = "<group>"; };
		E031925D22CB128800E7FA61 /* ViewController.swift */ = {isa = PBXFileReference; lastKnownFileType = sourcecode.swift; path = ViewController.swift; sourceTree = "<group>"; };
		E031926022CB128800E7FA61 /* Base */ = {isa = PBXFileReference; lastKnownFileType = file.storyboard; name = Base; path = Base.lproj/Main.storyboard; sourceTree = "<group>"; };
		E031926222CB128A00E7FA61 /* Assets.xcassets */ = {isa = PBXFileReference; lastKnownFileType = folder.assetcatalog; path = Assets.xcassets; sourceTree = "<group>"; };
		E031926522CB128A00E7FA61 /* Base */ = {isa = PBXFileReference; lastKnownFileType = file.storyboard; name = Base; path = Base.lproj/LaunchScreen.storyboard; sourceTree = "<group>"; };
		E031926722CB128A00E7FA61 /* Info.plist */ = {isa = PBXFileReference; lastKnownFileType = text.plist.xml; path = Info.plist; sourceTree = "<group>"; };
		E031926F22CB199F00E7FA61 /* RWVideoController.swift */ = {isa = PBXFileReference; lastKnownFileType = sourcecode.swift; path = RWVideoController.swift; sourceTree = "<group>"; };
		E031927022CB199F00E7FA61 /* RWVideoController.xib */ = {isa = PBXFileReference; lastKnownFileType = file.xib; path = RWVideoController.xib; sourceTree = "<group>"; };
		E0B26DC422E96099006302D5 /* RWTimeFormatter.swift */ = {isa = PBXFileReference; lastKnownFileType = sourcecode.swift; path = RWTimeFormatter.swift; sourceTree = "<group>"; };
		E0D7FD9D22CC650E0060908D /* TestViewController.swift */ = {isa = PBXFileReference; lastKnownFileType = sourcecode.swift; path = TestViewController.swift; sourceTree = "<group>"; };
		E0E9FACE22E1A55E00CF567B /* RWVideoProtocol.swift */ = {isa = PBXFileReference; lastKnownFileType = sourcecode.swift; path = RWVideoProtocol.swift; sourceTree = "<group>"; };
		E0E9FAD122E1C39A00CF567B /* RWVideoGestureHandler.swift */ = {isa = PBXFileReference; lastKnownFileType = sourcecode.swift; path = RWVideoGestureHandler.swift; sourceTree = "<group>"; };
/* End PBXFileReference section */

/* Begin PBXFrameworksBuildPhase section */
		E031925522CB128800E7FA61 /* Frameworks */ = {
			isa = PBXFrameworksBuildPhase;
			buildActionMask = 2147483647;
			files = (
			);
			runOnlyForDeploymentPostprocessing = 0;
		};
/* End PBXFrameworksBuildPhase section */

/* Begin PBXGroup section */
		E031924F22CB128800E7FA61 = {
			isa = PBXGroup;
			children = (
				E031925A22CB128800E7FA61 /* RWVideoController */,
				E031925922CB128800E7FA61 /* Products */,
			);
			sourceTree = "<group>";
		};
		E031925922CB128800E7FA61 /* Products */ = {
			isa = PBXGroup;
			children = (
				E031925822CB128800E7FA61 /* RWVideoController.app */,
			);
			name = Products;
			sourceTree = "<group>";
		};
		E031925A22CB128800E7FA61 /* RWVideoController */ = {
			isa = PBXGroup;
			children = (
				E031925B22CB128800E7FA61 /* AppDelegate.swift */,
				E031925D22CB128800E7FA61 /* ViewController.swift */,
				E031925F22CB128800E7FA61 /* Main.storyboard */,
				E031926222CB128A00E7FA61 /* Assets.xcassets */,
				E031926422CB128A00E7FA61 /* LaunchScreen.storyboard */,
				E031926722CB128A00E7FA61 /* Info.plist */,
				E0E9FAD022E1A5A900CF567B /* RWVideoController */,
				E0D7FD9D22CC650E0060908D /* TestViewController.swift */,
			);
			path = RWVideoController;
			sourceTree = "<group>";
		};
		E0E9FAD022E1A5A900CF567B /* RWVideoController */ = {
			isa = PBXGroup;
			children = (
				E031926F22CB199F00E7FA61 /* RWVideoController.swift */,
				E031927022CB199F00E7FA61 /* RWVideoController.xib */,
				E0E9FACE22E1A55E00CF567B /* RWVideoProtocol.swift */,
				E0E9FAD122E1C39A00CF567B /* RWVideoGestureHandler.swift */,
				E0B26DC422E96099006302D5 /* RWTimeFormatter.swift */,
			);
			path = RWVideoController;
			sourceTree = "<group>";
		};
/* End PBXGroup section */

/* Begin PBXNativeTarget section */
		E031925722CB128800E7FA61 /* RWVideoController */ = {
			isa = PBXNativeTarget;
			buildConfigurationList = E031926A22CB128A00E7FA61 /* Build configuration list for PBXNativeTarget "RWVideoController" */;
			buildPhases = (
				E031925422CB128800E7FA61 /* Sources */,
				E031925522CB128800E7FA61 /* Frameworks */,
				E031925622CB128800E7FA61 /* Resources */,
			);
			buildRules = (
			);
			dependencies = (
			);
			name = RWVideoController;
			productName = RWVideoController;
			productReference = E031925822CB128800E7FA61 /* RWVideoController.app */;
			productType = "com.apple.product-type.application";
		};
/* End PBXNativeTarget section */

/* Begin PBXProject section */
		E031925022CB128800E7FA61 /* Project object */ = {
			isa = PBXProject;
			attributes = {
				LastSwiftUpdateCheck = 1020;
				LastUpgradeCheck = 1020;
				ORGANIZATIONNAME = raditya;
				TargetAttributes = {
					E031925722CB128800E7FA61 = {
						CreatedOnToolsVersion = 10.2.1;
					};
				};
			};
			buildConfigurationList = E031925322CB128800E7FA61 /* Build configuration list for PBXProject "RWVideoController" */;
			compatibilityVersion = "Xcode 9.3";
			developmentRegion = en;
			hasScannedForEncodings = 0;
			knownRegions = (
				en,
				Base,
			);
			mainGroup = E031924F22CB128800E7FA61;
			productRefGroup = E031925922CB128800E7FA61 /* Products */;
			projectDirPath = "";
			projectRoot = "";
			targets = (
				E031925722CB128800E7FA61 /* RWVideoController */,
			);
		};
/* End PBXProject section */

/* Begin PBXResourcesBuildPhase section */
		E031925622CB128800E7FA61 /* Resources */ = {
			isa = PBXResourcesBuildPhase;
			buildActionMask = 2147483647;
			files = (
				E031926622CB128A00E7FA61 /* LaunchScreen.storyboard in Resources */,
				E031926322CB128A00E7FA61 /* Assets.xcassets in Resources */,
				E031927222CB199F00E7FA61 /* RWVideoController.xib in Resources */,
				E031926122CB128800E7FA61 /* Main.storyboard in Resources */,
			);
			runOnlyForDeploymentPostprocessing = 0;
		};
/* End PBXResourcesBuildPhase section */

/* Begin PBXSourcesBuildPhase section */
		E031925422CB128800E7FA61 /* Sources */ = {
			isa = PBXSourcesBuildPhase;
			buildActionMask = 2147483647;
			files = (
				E031927122CB199F00E7FA61 /* RWVideoController.swift in Sources */,
				E031925E22CB128800E7FA61 /* ViewController.swift in Sources */,
				E0D7FD9E22CC650E0060908D /* TestViewController.swift in Sources */,
				E0E9FACF22E1A55E00CF567B /* RWVideoProtocol.swift in Sources */,
				E031925C22CB128800E7FA61 /* AppDelegate.swift in Sources */,
				E0B26DC522E96099006302D5 /* RWTimeFormatter.swift in Sources */,
				E0E9FAD222E1C39A00CF567B /* RWVideoGestureHandler.swift in Sources */,
			);
			runOnlyForDeploymentPostprocessing = 0;
		};
/* End PBXSourcesBuildPhase section */

/* Begin PBXVariantGroup section */
		E031925F22CB128800E7FA61 /* Main.storyboard */ = {
			isa = PBXVariantGroup;
			children = (
				E031926022CB128800E7FA61 /* Base */,
			);
			name = Main.storyboard;
			sourceTree = "<group>";
		};
		E031926422CB128A00E7FA61 /* LaunchScreen.storyboard */ = {
			isa = PBXVariantGroup;
			children = (
				E031926522CB128A00E7FA61 /* Base */,
			);
			name = LaunchScreen.storyboard;
			sourceTree = "<group>";
		};
/* End PBXVariantGroup section */

/* Begin XCBuildConfiguration section */
		E031926822CB128A00E7FA61 /* Debug */ = {
			isa = XCBuildConfiguration;
			buildSettings = {
				ALWAYS_SEARCH_USER_PATHS = NO;
				CLANG_ANALYZER_NONNULL = YES;
				CLANG_ANALYZER_NUMBER_OBJECT_CONVERSION = YES_AGGRESSIVE;
				CLANG_CXX_LANGUAGE_STANDARD = "gnu++14";
				CLANG_CXX_LIBRARY = "libc++";
				CLANG_ENABLE_MODULES = YES;
				CLANG_ENABLE_OBJC_ARC = YES;
				CLANG_ENABLE_OBJC_WEAK = YES;
				CLANG_WARN_BLOCK_CAPTURE_AUTORELEASING = YES;
				CLANG_WARN_BOOL_CONVERSION = YES;
				CLANG_WARN_COMMA = YES;
				CLANG_WARN_CONSTANT_CONVERSION = YES;
				CLANG_WARN_DEPRECATED_OBJC_IMPLEMENTATIONS = YES;
				CLANG_WARN_DIRECT_OBJC_ISA_USAGE = YES_ERROR;
				CLANG_WARN_DOCUMENTATION_COMMENTS = YES;
				CLANG_WARN_EMPTY_BODY = YES;
				CLANG_WARN_ENUM_CONVERSION = YES;
				CLANG_WARN_INFINITE_RECURSION = YES;
				CLANG_WARN_INT_CONVERSION = YES;
				CLANG_WARN_NON_LITERAL_NULL_CONVERSION = YES;
				CLANG_WARN_OBJC_IMPLICIT_RETAIN_SELF = YES;
				CLANG_WARN_OBJC_LITERAL_CONVERSION = YES;
				CLANG_WARN_OBJC_ROOT_CLASS = YES_ERROR;
				CLANG_WARN_RANGE_LOOP_ANALYSIS = YES;
				CLANG_WARN_STRICT_PROTOTYPES = YES;
				CLANG_WARN_SUSPICIOUS_MOVE = YES;
				CLANG_WARN_UNGUARDED_AVAILABILITY = YES_AGGRESSIVE;
				CLANG_WARN_UNREACHABLE_CODE = YES;
				CLANG_WARN__DUPLICATE_METHOD_MATCH = YES;
				CODE_SIGN_IDENTITY = "iPhone Developer";
				COPY_PHASE_STRIP = NO;
				DEBUG_INFORMATION_FORMAT = dwarf;
				ENABLE_STRICT_OBJC_MSGSEND = YES;
				ENABLE_TESTABILITY = YES;
				GCC_C_LANGUAGE_STANDARD = gnu11;
				GCC_DYNAMIC_NO_PIC = NO;
				GCC_NO_COMMON_BLOCKS = YES;
				GCC_OPTIMIZATION_LEVEL = 0;
				GCC_PREPROCESSOR_DEFINITIONS = (
					"DEBUG=1",
					"$(inherited)",
				);
				GCC_WARN_64_TO_32_BIT_CONVERSION = YES;
				GCC_WARN_ABOUT_RETURN_TYPE = YES_ERROR;
				GCC_WARN_UNDECLARED_SELECTOR = YES;
				GCC_WARN_UNINITIALIZED_AUTOS = YES_AGGRESSIVE;
				GCC_WARN_UNUSED_FUNCTION = YES;
				GCC_WARN_UNUSED_VARIABLE = YES;
				IPHONEOS_DEPLOYMENT_TARGET = 12.2;
				MTL_ENABLE_DEBUG_INFO = INCLUDE_SOURCE;
				MTL_FAST_MATH = YES;
				ONLY_ACTIVE_ARCH = YES;
				SDKROOT = iphoneos;
				SWIFT_ACTIVE_COMPILATION_CONDITIONS = DEBUG;
				SWIFT_OPTIMIZATION_LEVEL = "-Onone";
			};
			name = Debug;
		};
		E031926922CB128A00E7FA61 /* Release */ = {
			isa = XCBuildConfiguration;
			buildSettings = {
				ALWAYS_SEARCH_USER_PATHS = NO;
				CLANG_ANALYZER_NONNULL = YES;
				CLANG_ANALYZER_NUMBER_OBJECT_CONVERSION = YES_AGGRESSIVE;
				CLANG_CXX_LANGUAGE_STANDARD = "gnu++14";
				CLANG_CXX_LIBRARY = "libc++";
				CLANG_ENABLE_MODULES = YES;
				CLANG_ENABLE_OBJC_ARC = YES;
				CLANG_ENABLE_OBJC_WEAK = YES;
				CLANG_WARN_BLOCK_CAPTURE_AUTORELEASING = YES;
				CLANG_WARN_BOOL_CONVERSION = YES;
				CLANG_WARN_COMMA = YES;
				CLANG_WARN_CONSTANT_CONVERSION = YES;
				CLANG_WARN_DEPRECATED_OBJC_IMPLEMENTATIONS = YES;
				CLANG_WARN_DIRECT_OBJC_ISA_USAGE = YES_ERROR;
				CLANG_WARN_DOCUMENTATION_COMMENTS = YES;
				CLANG_WARN_EMPTY_BODY = YES;
				CLANG_WARN_ENUM_CONVERSION = YES;
				CLANG_WARN_INFINITE_RECURSION = YES;
				CLANG_WARN_INT_CONVERSION = YES;
				CLANG_WARN_NON_LITERAL_NULL_CONVERSION = YES;
				CLANG_WARN_OBJC_IMPLICIT_RETAIN_SELF = YES;
				CLANG_WARN_OBJC_LITERAL_CONVERSION = YES;
				CLANG_WARN_OBJC_ROOT_CLASS = YES_ERROR;
				CLANG_WARN_RANGE_LOOP_ANALYSIS = YES;
				CLANG_WARN_STRICT_PROTOTYPES = YES;
				CLANG_WARN_SUSPICIOUS_MOVE = YES;
				CLANG_WARN_UNGUARDED_AVAILABILITY = YES_AGGRESSIVE;
				CLANG_WARN_UNREACHABLE_CODE = YES;
				CLANG_WARN__DUPLICATE_METHOD_MATCH = YES;
				CODE_SIGN_IDENTITY = "iPhone Developer";
				COPY_PHASE_STRIP = NO;
				DEBUG_INFORMATION_FORMAT = "dwarf-with-dsym";
				ENABLE_NS_ASSERTIONS = NO;
				ENABLE_STRICT_OBJC_MSGSEND = YES;
				GCC_C_LANGUAGE_STANDARD = gnu11;
				GCC_NO_COMMON_BLOCKS = YES;
				GCC_WARN_64_TO_32_BIT_CONVERSION = YES;
				GCC_WARN_ABOUT_RETURN_TYPE = YES_ERROR;
				GCC_WARN_UNDECLARED_SELECTOR = YES;
				GCC_WARN_UNINITIALIZED_AUTOS = YES_AGGRESSIVE;
				GCC_WARN_UNUSED_FUNCTION = YES;
				GCC_WARN_UNUSED_VARIABLE = YES;
				IPHONEOS_DEPLOYMENT_TARGET = 12.2;
				MTL_ENABLE_DEBUG_INFO = NO;
				MTL_FAST_MATH = YES;
				SDKROOT = iphoneos;
				SWIFT_COMPILATION_MODE = wholemodule;
				SWIFT_OPTIMIZATION_LEVEL = "-O";
				VALIDATE_PRODUCT = YES;
			};
			name = Release;
		};
		E031926B22CB128A00E7FA61 /* Debug */ = {
			isa = XCBuildConfiguration;
			buildSettings = {
				ASSETCATALOG_COMPILER_APPICON_NAME = AppIcon;
				CODE_SIGN_STYLE = Automatic;
				DEVELOPMENT_TEAM = 93V8F37ZL6;
				INFOPLIST_FILE = RWVideoController/Info.plist;
				LD_RUNPATH_SEARCH_PATHS = (
					"$(inherited)",
					"@executable_path/Frameworks",
				);
				PRODUCT_BUNDLE_IDENTIFIER = com.raditya.RWVideoController;
				PRODUCT_NAME = "$(TARGET_NAME)";
				SWIFT_VERSION = 5.0;
				TARGETED_DEVICE_FAMILY = "1,2";
			};
			name = Debug;
		};
		E031926C22CB128A00E7FA61 /* Release */ = {
			isa = XCBuildConfiguration;
			buildSettings = {
				ASSETCATALOG_COMPILER_APPICON_NAME = AppIcon;
				CODE_SIGN_STYLE = Automatic;
				DEVELOPMENT_TEAM = 93V8F37ZL6;
				INFOPLIST_FILE = RWVideoController/Info.plist;
				LD_RUNPATH_SEARCH_PATHS = (
					"$(inherited)",
					"@executable_path/Frameworks",
				);
				PRODUCT_BUNDLE_IDENTIFIER = com.raditya.RWVideoController;
				PRODUCT_NAME = "$(TARGET_NAME)";
				SWIFT_VERSION = 5.0;
				TARGETED_DEVICE_FAMILY = "1,2";
			};
			name = Release;
		};
/* End XCBuildConfiguration section */

/* Begin XCConfigurationList section */
		E031925322CB128800E7FA61 /* Build configuration list for PBXProject "RWVideoController" */ = {
			isa = XCConfigurationList;
			buildConfigurations = (
				E031926822CB128A00E7FA61 /* Debug */,
				E031926922CB128A00E7FA61 /* Release */,
			);
			defaultConfigurationIsVisible = 0;
			defaultConfigurationName = Release;
		};
		E031926A22CB128A00E7FA61 /* Build configuration list for PBXNativeTarget "RWVideoController" */ = {
			isa = XCConfigurationList;
			buildConfigurations = (
				E031926B22CB128A00E7FA61 /* Debug */,
				E031926C22CB128A00E7FA61 /* Release */,
			);
			defaultConfigurationIsVisible = 0;
			defaultConfigurationName = Release;
		};
/* End XCConfigurationList section */
	};
	rootObject = E031925022CB128800E7FA61 /* Project object */;
}
